
Microsoft Visual Studio Solution File, Format Version 12.00
# Visual Studio Version 17
VisualStudioVersion = 17.1.32228.430
MinimumVisualStudioVersion = 10.0.40219.1
Project("{FAE04EC0-301F-11D3-BF4B-00C04F79EFBC}") = "UserApi", "UserApi.csproj", "{79F3777C-18DA-4198-A366-012DB09D9FF5}"
EndProject
Global
	GlobalSection(SolutionConfigurationPlatforms) = preSolution
		Debug|Any CPU = Debug|Any CPU
		Release|Any CPU = Release|Any CPU
	EndGlobalSection
	GlobalSection(ProjectConfigurationPlatforms) = postSolution
		{79F3777C-18DA-4198-A366-012DB09D9FF5}.Debug|Any CPU.ActiveCfg = Debug|Any CPU
		{79F3777C-18DA-4198-A366-012DB09D9FF5}.Debug|Any CPU.Build.0 = Debug|Any CPU
		{79F3777C-18DA-4198-A366-012DB09D9FF5}.Release|Any CPU.ActiveCfg = Release|Any CPU
		{79F3777C-18DA-4198-A366-012DB09D9FF5}.Release|Any CPU.Build.0 = Release|Any CPU
	EndGlobalSection
	GlobalSection(SolutionProperties) = preSolution
		HideSolutionNode = FALSE
	EndGlobalSection
	GlobalSection(ExtensibilityGlobals) = postSolution
		SolutionGuid = {73437E27-D3D7-4C9C-8E6B-C83C9327D4D5}
	EndGlobalSection
EndGlobal
